
Microsoft Visual Studio Solution File, Format Version 12.00
# Visual Studio Version 16
VisualStudioVersion = 16.0.33529.622
MinimumVisualStudioVersion = 10.0.40219.1
Project("{FAE04EC0-301F-11D3-BF4B-00C04F79EFBC}") = "InsertShift", "InsertShift.csproj", "{53BA2EA6-0DBE-44BF-8ADF-E8BC26EFA61B}"
EndProject
Project("{FAE04EC0-301F-11D3-BF4B-00C04F79EFBC}") = "TestProject3", "..\TestProject3\TestProject3.csproj", "{2CF75C46-9B17-40EB-8931-8AD536395195}"
EndProject
Global
	GlobalSection(SolutionConfigurationPlatforms) = preSolution
		Debug|Any CPU = Debug|Any CPU
		Release|Any CPU = Release|Any CPU
	EndGlobalSection
	GlobalSection(ProjectConfigurationPlatforms) = postSolution
		{53BA2EA6-0DBE-44BF-8ADF-E8BC26EFA61B}.Debug|Any CPU.ActiveCfg = Debug|Any CPU
		{53BA2EA6-0DBE-44BF-8ADF-E8BC26EFA61B}.Debug|Any CPU.Build.0 = Debug|Any CPU
		{53BA2EA6-0DBE-44BF-8ADF-E8BC26EFA61B}.Release|Any CPU.ActiveCfg = Release|Any CPU
		{53BA2EA6-0DBE-44BF-8ADF-E8BC26EFA61B}.Release|Any CPU.Build.0 = Release|Any CPU
		{2CF75C46-9B17-40EB-8931-8AD536395195}.Debug|Any CPU.ActiveCfg = Debug|Any CPU
		{2CF75C46-9B17-40EB-8931-8AD536395195}.Debug|Any CPU.Build.0 = Debug|Any CPU
		{2CF75C46-9B17-40EB-8931-8AD536395195}.Release|Any CPU.ActiveCfg = Release|Any CPU
		{2CF75C46-9B17-40EB-8931-8AD536395195}.Release|Any CPU.Build.0 = Release|Any CPU
	EndGlobalSection
	GlobalSection(SolutionProperties) = preSolution
		HideSolutionNode = FALSE
	EndGlobalSection
	GlobalSection(ExtensibilityGlobals) = postSolution
		SolutionGuid = {413FE863-D51D-499D-BE88-A9387B771586}
	EndGlobalSection
EndGlobal
